
Microsoft Visual Studio Solution File, Format Version 12.00
# Visual Studio Version 17
VisualStudioVersion = 17.7.34031.279
MinimumVisualStudioVersion = 10.0.40219.1
Project("{9A19103F-16F7-4668-BE54-9A1E7A4F7556}") = "01.Ages", "01.Ages\01.Ages.csproj", "{C896A5FB-FFC8-4013-9B4F-1DA4B3460DCC}"
EndProject
Project("{9A19103F-16F7-4668-BE54-9A1E7A4F7556}") = "02.Division", "02.Division\02.Division.csproj", "{6F9544A2-360A-4799-B83E-F4A8730A0236}"
EndProject
Project("{9A19103F-16F7-4668-BE54-9A1E7A4F7556}") = "03.Vacation", "3.Vacation\03.Vacation.csproj", "{451D9479-09BE-44FC-B729-B032FC473AF9}"
EndProject
Project("{9A19103F-16F7-4668-BE54-9A1E7A4F7556}") = "04.PrintAndSum", "04.PrintAndSum\04.PrintAndSum.csproj", "{7D6BC47A-8573-47F9-A805-6680CA2FA808}"
EndProject
Project("{9A19103F-16F7-4668-BE54-9A1E7A4F7556}") = "05.Login", "05.Login\05.Login.csproj", "{189115AA-EE0C-40A8-B3D1-3007D7F33636}"
EndProject
Project("{9A19103F-16F7-4668-BE54-9A1E7A4F7556}") = "06.StrongNumber", "06.StrongNumber\06.StrongNumber.csproj", "{CBDD52C8-3C6A-4648-BAFB-A981C1271552}"
EndProject
Project("{9A19103F-16F7-4668-BE54-9A1E7A4F7556}") = "07.VendingMachine", "07.VendingMachine\07.VendingMachine.csproj", "{43A568BA-284D-448B-9A83-A4A5FF2C00A3}"
EndProject
Project("{FAE04EC0-301F-11D3-BF4B-00C04F79EFBC}") = "08.TriangleOfNumbers", "08.TriangleOfNumbers\08.TriangleOfNumbers.csproj", "{2C187607-978B-47D9-B5A3-FC10881158B6}"
EndProject
Project("{FAE04EC0-301F-11D3-BF4B-00C04F79EFBC}") = "09.PadawanEquipment", "09.PadawanEquipment\09.PadawanEquipment.csproj", "{33A79AA0-EC3E-446C-80B8-A63A956110F1}"
EndProject
Global
	GlobalSection(SolutionConfigurationPlatforms) = preSolution
		Debug|Any CPU = Debug|Any CPU
		Release|Any CPU = Release|Any CPU
	EndGlobalSection
	GlobalSection(ProjectConfigurationPlatforms) = postSolution
		{C896A5FB-FFC8-4013-9B4F-1DA4B3460DCC}.Debug|Any CPU.ActiveCfg = Debug|Any CPU
		{C896A5FB-FFC8-4013-9B4F-1DA4B3460DCC}.Debug|Any CPU.Build.0 = Debug|Any CPU
		{C896A5FB-FFC8-4013-9B4F-1DA4B3460DCC}.Release|Any CPU.ActiveCfg = Release|Any CPU
		{C896A5FB-FFC8-4013-9B4F-1DA4B3460DCC}.Release|Any CPU.Build.0 = Release|Any CPU
		{6F9544A2-360A-4799-B83E-F4A8730A0236}.Debug|Any CPU.ActiveCfg = Debug|Any CPU
		{6F9544A2-360A-4799-B83E-F4A8730A0236}.Debug|Any CPU.Build.0 = Debug|Any CPU
		{6F9544A2-360A-4799-B83E-F4A8730A0236}.Release|Any CPU.ActiveCfg = Release|Any CPU
		{6F9544A2-360A-4799-B83E-F4A8730A0236}.Release|Any CPU.Build.0 = Release|Any CPU
		{451D9479-09BE-44FC-B729-B032FC473AF9}.Debug|Any CPU.ActiveCfg = Debug|Any CPU
		{451D9479-09BE-44FC-B729-B032FC473AF9}.Debug|Any CPU.Build.0 = Debug|Any CPU
		{451D9479-09BE-44FC-B729-B032FC473AF9}.Release|Any CPU.ActiveCfg = Release|Any CPU
		{451D9479-09BE-44FC-B729-B032FC473AF9}.Release|Any CPU.Build.0 = Release|Any CPU
		{7D6BC47A-8573-47F9-A805-6680CA2FA808}.Debug|Any CPU.ActiveCfg = Debug|Any CPU
		{7D6BC47A-8573-47F9-A805-6680CA2FA808}.Debug|Any CPU.Build.0 = Debug|Any CPU
		{7D6BC47A-8573-47F9-A805-6680CA2FA808}.Release|Any CPU.ActiveCfg = Release|Any CPU
		{7D6BC47A-8573-47F9-A805-6680CA2FA808}.Release|Any CPU.Build.0 = Release|Any CPU
		{189115AA-EE0C-40A8-B3D1-3007D7F33636}.Debug|Any CPU.ActiveCfg = Debug|Any CPU
		{189115AA-EE0C-40A8-B3D1-3007D7F33636}.Debug|Any CPU.Build.0 = Debug|Any CPU
		{189115AA-EE0C-40A8-B3D1-3007D7F33636}.Release|Any CPU.ActiveCfg = Release|Any CPU
		{189115AA-EE0C-40A8-B3D1-3007D7F33636}.Release|Any CPU.Build.0 = Release|Any CPU
		{CBDD52C8-3C6A-4648-BAFB-A981C1271552}.Debug|Any CPU.ActiveCfg = Debug|Any CPU
		{CBDD52C8-3C6A-4648-BAFB-A981C1271552}.Debug|Any CPU.Build.0 = Debug|Any CPU
		{CBDD52C8-3C6A-4648-BAFB-A981C1271552}.Release|Any CPU.ActiveCfg = Release|Any CPU
		{CBDD52C8-3C6A-4648-BAFB-A981C1271552}.Release|Any CPU.Build.0 = Release|Any CPU
		{43A568BA-284D-448B-9A83-A4A5FF2C00A3}.Debug|Any CPU.ActiveCfg = Debug|Any CPU
		{43A568BA-284D-448B-9A83-A4A5FF2C00A3}.Debug|Any CPU.Build.0 = Debug|Any CPU
		{43A568BA-284D-448B-9A83-A4A5FF2C00A3}.Release|Any CPU.ActiveCfg = Release|Any CPU
		{43A568BA-284D-448B-9A83-A4A5FF2C00A3}.Release|Any CPU.Build.0 = Release|Any CPU
		{2C187607-978B-47D9-B5A3-FC10881158B6}.Debug|Any CPU.ActiveCfg = Debug|Any CPU
		{2C187607-978B-47D9-B5A3-FC10881158B6}.Debug|Any CPU.Build.0 = Debug|Any CPU
		{2C187607-978B-47D9-B5A3-FC10881158B6}.Release|Any CPU.ActiveCfg = Release|Any CPU
		{2C187607-978B-47D9-B5A3-FC10881158B6}.Release|Any CPU.Build.0 = Release|Any CPU
		{33A79AA0-EC3E-446C-80B8-A63A956110F1}.Debug|Any CPU.ActiveCfg = Debug|Any CPU
		{33A79AA0-EC3E-446C-80B8-A63A956110F1}.Debug|Any CPU.Build.0 = Debug|Any CPU
		{33A79AA0-EC3E-446C-80B8-A63A956110F1}.Release|Any CPU.ActiveCfg = Release|Any CPU
		{33A79AA0-EC3E-446C-80B8-A63A956110F1}.Release|Any CPU.Build.0 = Release|Any CPU
	EndGlobalSection
	GlobalSection(SolutionProperties) = preSolution
		HideSolutionNode = FALSE
	EndGlobalSection
	GlobalSection(ExtensibilityGlobals) = postSolution
		SolutionGuid = {59622B72-01B8-4532-BFCD-00AFE84BEBDF}
	EndGlobalSection
EndGlobal
