
Microsoft Visual Studio Solution File, Format Version 12.00
# Visual Studio Version 17
VisualStudioVersion = 17.7.34202.233
MinimumVisualStudioVersion = 10.0.40219.1
Project("{9A19103F-16F7-4668-BE54-9A1E7A4F7556}") = "CookingMasterclass", "ConsoleApp1\CookingMasterclass.csproj", "{389CB9D8-AA30-4A42-A97A-D193705E1FF8}"
EndProject
Project("{9A19103F-16F7-4668-BE54-9A1E7A4F7556}") = "SpaceTravel", "ConsoleApp2\SpaceTravel.csproj", "{F0085C2E-7E3E-4DC3-873C-891BB5EA9362}"
EndProject
Project("{9A19103F-16F7-4668-BE54-9A1E7A4F7556}") = "TheAngryCat", "ConsoleApp3\TheAngryCat.csproj", "{2D0E9407-996E-4F12-9B10-8BDB4282BB48}"
EndProject
Global
	GlobalSection(SolutionConfigurationPlatforms) = preSolution
		Debug|Any CPU = Debug|Any CPU
		Release|Any CPU = Release|Any CPU
	EndGlobalSection
	GlobalSection(ProjectConfigurationPlatforms) = postSolution
		{389CB9D8-AA30-4A42-A97A-D193705E1FF8}.Debug|Any CPU.ActiveCfg = Debug|Any CPU
		{389CB9D8-AA30-4A42-A97A-D193705E1FF8}.Debug|Any CPU.Build.0 = Debug|Any CPU
		{389CB9D8-AA30-4A42-A97A-D193705E1FF8}.Release|Any CPU.ActiveCfg = Release|Any CPU
		{389CB9D8-AA30-4A42-A97A-D193705E1FF8}.Release|Any CPU.Build.0 = Release|Any CPU
		{F0085C2E-7E3E-4DC3-873C-891BB5EA9362}.Debug|Any CPU.ActiveCfg = Debug|Any CPU
		{F0085C2E-7E3E-4DC3-873C-891BB5EA9362}.Debug|Any CPU.Build.0 = Debug|Any CPU
		{F0085C2E-7E3E-4DC3-873C-891BB5EA9362}.Release|Any CPU.ActiveCfg = Release|Any CPU
		{F0085C2E-7E3E-4DC3-873C-891BB5EA9362}.Release|Any CPU.Build.0 = Release|Any CPU
		{2D0E9407-996E-4F12-9B10-8BDB4282BB48}.Debug|Any CPU.ActiveCfg = Debug|Any CPU
		{2D0E9407-996E-4F12-9B10-8BDB4282BB48}.Debug|Any CPU.Build.0 = Debug|Any CPU
		{2D0E9407-996E-4F12-9B10-8BDB4282BB48}.Release|Any CPU.ActiveCfg = Release|Any CPU
		{2D0E9407-996E-4F12-9B10-8BDB4282BB48}.Release|Any CPU.Build.0 = Release|Any CPU
	EndGlobalSection
	GlobalSection(SolutionProperties) = preSolution
		HideSolutionNode = FALSE
	EndGlobalSection
	GlobalSection(ExtensibilityGlobals) = postSolution
		SolutionGuid = {244661B2-8B7E-4114-B9D3-CE2A7497C2ED}
	EndGlobalSection
EndGlobal
