
Microsoft Visual Studio Solution File, Format Version 12.00
# Visual Studio Version 17
VisualStudioVersion = 17.7.34202.233
MinimumVisualStudioVersion = 10.0.40219.1
Project("{FAE04EC0-301F-11D3-BF4B-00C04F79EFBC}") = "CookingMasterclass", "CookingMasterclass\CookingMasterclass.csproj", "{A3F5D32D-DD85-42C0-A566-148E74FAC95B}"
EndProject
Project("{FAE04EC0-301F-11D3-BF4B-00C04F79EFBC}") = "SpaceTravel", "SpaceTravel\SpaceTravel.csproj", "{D2C3A63A-DFDE-475A-A313-54E92A13A9A7}"
EndProject
Project("{FAE04EC0-301F-11D3-BF4B-00C04F79EFBC}") = "TheAngryCat", "TheAngryCat\TheAngryCat.csproj", "{05B5B56F-710B-4360-9D3A-861A882706D0}"
EndProject
Global
	GlobalSection(SolutionConfigurationPlatforms) = preSolution
		Debug|Any CPU = Debug|Any CPU
		Release|Any CPU = Release|Any CPU
	EndGlobalSection
	GlobalSection(ProjectConfigurationPlatforms) = postSolution
		{A3F5D32D-DD85-42C0-A566-148E74FAC95B}.Debug|Any CPU.ActiveCfg = Debug|Any CPU
		{A3F5D32D-DD85-42C0-A566-148E74FAC95B}.Debug|Any CPU.Build.0 = Debug|Any CPU
		{A3F5D32D-DD85-42C0-A566-148E74FAC95B}.Release|Any CPU.ActiveCfg = Release|Any CPU
		{A3F5D32D-DD85-42C0-A566-148E74FAC95B}.Release|Any CPU.Build.0 = Release|Any CPU
		{D2C3A63A-DFDE-475A-A313-54E92A13A9A7}.Debug|Any CPU.ActiveCfg = Debug|Any CPU
		{D2C3A63A-DFDE-475A-A313-54E92A13A9A7}.Debug|Any CPU.Build.0 = Debug|Any CPU
		{D2C3A63A-DFDE-475A-A313-54E92A13A9A7}.Release|Any CPU.ActiveCfg = Release|Any CPU
		{D2C3A63A-DFDE-475A-A313-54E92A13A9A7}.Release|Any CPU.Build.0 = Release|Any CPU
		{05B5B56F-710B-4360-9D3A-861A882706D0}.Debug|Any CPU.ActiveCfg = Debug|Any CPU
		{05B5B56F-710B-4360-9D3A-861A882706D0}.Debug|Any CPU.Build.0 = Debug|Any CPU
		{05B5B56F-710B-4360-9D3A-861A882706D0}.Release|Any CPU.ActiveCfg = Release|Any CPU
		{05B5B56F-710B-4360-9D3A-861A882706D0}.Release|Any CPU.Build.0 = Release|Any CPU
	EndGlobalSection
	GlobalSection(SolutionProperties) = preSolution
		HideSolutionNode = FALSE
	EndGlobalSection
	GlobalSection(ExtensibilityGlobals) = postSolution
		SolutionGuid = {244661B2-8B7E-4114-B9D3-CE2A7497C2ED}
	EndGlobalSection
EndGlobal
