
Microsoft Visual Studio Solution File, Format Version 12.00
# Visual Studio Version 17
VisualStudioVersion = 17.8.34322.80
MinimumVisualStudioVersion = 10.0.40219.1
Project("{FAE04EC0-301F-11D3-BF4B-00C04F79EFBC}") = "StringManipulator", "StringManipulator\StringManipulator.csproj", "{45A9D92F-991C-44E9-8653-A1A133A389A4}"
EndProject
Project("{FAE04EC0-301F-11D3-BF4B-00C04F79EFBC}") = "EasterEggs", "EasterEggs\EasterEggs.csproj", "{F056CA5E-3D19-4FDC-BEA6-CF408B0417F1}"
EndProject
Project("{FAE04EC0-301F-11D3-BF4B-00C04F79EFBC}") = "Dictionary", "Dictionary\Dictionary.csproj", "{6E67080B-26CD-4BCF-BD65-7848809112C6}"
EndProject
Global
	GlobalSection(SolutionConfigurationPlatforms) = preSolution
		Debug|Any CPU = Debug|Any CPU
		Release|Any CPU = Release|Any CPU
	EndGlobalSection
	GlobalSection(ProjectConfigurationPlatforms) = postSolution
		{45A9D92F-991C-44E9-8653-A1A133A389A4}.Debug|Any CPU.ActiveCfg = Debug|Any CPU
		{45A9D92F-991C-44E9-8653-A1A133A389A4}.Debug|Any CPU.Build.0 = Debug|Any CPU
		{45A9D92F-991C-44E9-8653-A1A133A389A4}.Release|Any CPU.ActiveCfg = Release|Any CPU
		{45A9D92F-991C-44E9-8653-A1A133A389A4}.Release|Any CPU.Build.0 = Release|Any CPU
		{F056CA5E-3D19-4FDC-BEA6-CF408B0417F1}.Debug|Any CPU.ActiveCfg = Debug|Any CPU
		{F056CA5E-3D19-4FDC-BEA6-CF408B0417F1}.Debug|Any CPU.Build.0 = Debug|Any CPU
		{F056CA5E-3D19-4FDC-BEA6-CF408B0417F1}.Release|Any CPU.ActiveCfg = Release|Any CPU
		{F056CA5E-3D19-4FDC-BEA6-CF408B0417F1}.Release|Any CPU.Build.0 = Release|Any CPU
		{6E67080B-26CD-4BCF-BD65-7848809112C6}.Debug|Any CPU.ActiveCfg = Debug|Any CPU
		{6E67080B-26CD-4BCF-BD65-7848809112C6}.Debug|Any CPU.Build.0 = Debug|Any CPU
		{6E67080B-26CD-4BCF-BD65-7848809112C6}.Release|Any CPU.ActiveCfg = Release|Any CPU
		{6E67080B-26CD-4BCF-BD65-7848809112C6}.Release|Any CPU.Build.0 = Release|Any CPU
	EndGlobalSection
	GlobalSection(SolutionProperties) = preSolution
		HideSolutionNode = FALSE
	EndGlobalSection
	GlobalSection(ExtensibilityGlobals) = postSolution
		SolutionGuid = {EA84AB05-5AD4-41B4-8B3C-C889B3756FB9}
	EndGlobalSection
EndGlobal
