
Microsoft Visual Studio Solution File, Format Version 12.00
# Visual Studio Version 17
VisualStudioVersion = 17.8.34309.116
MinimumVisualStudioVersion = 10.0.40219.1
Project("{9A19103F-16F7-4668-BE54-9A1E7A4F7556}") = "01.TheImitationGame", "01.TheImitationGame\01.TheImitationGame.csproj", "{B57E20C8-F4A3-4EEB-91B0-F5C2F04629FA}"
EndProject
Project("{9A19103F-16F7-4668-BE54-9A1E7A4F7556}") = "02.AdAstra", "02.AdAstra\02.AdAstra.csproj", "{9A37CC5F-28F5-4297-A07A-E4DF86FFFB8C}"
EndProject
Project("{9A19103F-16F7-4668-BE54-9A1E7A4F7556}") = "03.ThePianist", "03.ThePianist\03.ThePianist.csproj", "{31757292-15C7-41A5-8070-F4388EE0777A}"
EndProject
Project("{9A19103F-16F7-4668-BE54-9A1E7A4F7556}") = "04.WorldTour", "04.WorldTour\04.WorldTour.csproj", "{D3E7E23D-1314-42CD-BA8F-D89DE6D6C2FA}"
EndProject
Project("{9A19103F-16F7-4668-BE54-9A1E7A4F7556}") = "05.DestinationMapper", "05.DestinationMapper\05.DestinationMapper.csproj", "{AEBC5CCF-C574-4D92-9061-5C08153762DD}"
EndProject
Project("{9A19103F-16F7-4668-BE54-9A1E7A4F7556}") = "06.PlantDiscovery", "06.PlantDiscovery\06.PlantDiscovery.csproj", "{356A316A-CEFE-49D9-B225-F2AC4EADD049}"
EndProject
Project("{9A19103F-16F7-4668-BE54-9A1E7A4F7556}") = "07.SecretChat", "07.SecretChat\07.SecretChat.csproj", "{D35343F1-ECEF-4BC8-9456-6C74782C9B51}"
EndProject
Project("{9A19103F-16F7-4668-BE54-9A1E7A4F7556}") = "08.MirrorWords", "08.MirrorWords\08.MirrorWords.csproj", "{A770C7C4-BC62-48D0-8300-AAD20176C592}"
EndProject
Project("{9A19103F-16F7-4668-BE54-9A1E7A4F7556}") = "09.NeedForSpeedIII", "09.NeedForSpeedIII\09.NeedForSpeedIII.csproj", "{CA4C07C6-4EA0-438D-88AA-D728FF105907}"
EndProject
Project("{9A19103F-16F7-4668-BE54-9A1E7A4F7556}") = "10.PasswordReset", "10.PasswordReset\10.PasswordReset.csproj", "{1C86FC19-0BCA-4F0C-BA7A-0FA318EEC0E8}"
EndProject
Project("{9A19103F-16F7-4668-BE54-9A1E7A4F7556}") = "11.FancyBarcodes", "11.FancyBarcodes\11.FancyBarcodes.csproj", "{5B68E984-257E-4B0A-95B5-2A3644A4DF19}"
EndProject
Global
	GlobalSection(SolutionConfigurationPlatforms) = preSolution
		Debug|Any CPU = Debug|Any CPU
		Release|Any CPU = Release|Any CPU
	EndGlobalSection
	GlobalSection(ProjectConfigurationPlatforms) = postSolution
		{B57E20C8-F4A3-4EEB-91B0-F5C2F04629FA}.Debug|Any CPU.ActiveCfg = Debug|Any CPU
		{B57E20C8-F4A3-4EEB-91B0-F5C2F04629FA}.Debug|Any CPU.Build.0 = Debug|Any CPU
		{B57E20C8-F4A3-4EEB-91B0-F5C2F04629FA}.Release|Any CPU.ActiveCfg = Release|Any CPU
		{B57E20C8-F4A3-4EEB-91B0-F5C2F04629FA}.Release|Any CPU.Build.0 = Release|Any CPU
		{9A37CC5F-28F5-4297-A07A-E4DF86FFFB8C}.Debug|Any CPU.ActiveCfg = Debug|Any CPU
		{9A37CC5F-28F5-4297-A07A-E4DF86FFFB8C}.Debug|Any CPU.Build.0 = Debug|Any CPU
		{9A37CC5F-28F5-4297-A07A-E4DF86FFFB8C}.Release|Any CPU.ActiveCfg = Release|Any CPU
		{9A37CC5F-28F5-4297-A07A-E4DF86FFFB8C}.Release|Any CPU.Build.0 = Release|Any CPU
		{31757292-15C7-41A5-8070-F4388EE0777A}.Debug|Any CPU.ActiveCfg = Debug|Any CPU
		{31757292-15C7-41A5-8070-F4388EE0777A}.Debug|Any CPU.Build.0 = Debug|Any CPU
		{31757292-15C7-41A5-8070-F4388EE0777A}.Release|Any CPU.ActiveCfg = Release|Any CPU
		{31757292-15C7-41A5-8070-F4388EE0777A}.Release|Any CPU.Build.0 = Release|Any CPU
		{D3E7E23D-1314-42CD-BA8F-D89DE6D6C2FA}.Debug|Any CPU.ActiveCfg = Debug|Any CPU
		{D3E7E23D-1314-42CD-BA8F-D89DE6D6C2FA}.Debug|Any CPU.Build.0 = Debug|Any CPU
		{D3E7E23D-1314-42CD-BA8F-D89DE6D6C2FA}.Release|Any CPU.ActiveCfg = Release|Any CPU
		{D3E7E23D-1314-42CD-BA8F-D89DE6D6C2FA}.Release|Any CPU.Build.0 = Release|Any CPU
		{AEBC5CCF-C574-4D92-9061-5C08153762DD}.Debug|Any CPU.ActiveCfg = Debug|Any CPU
		{AEBC5CCF-C574-4D92-9061-5C08153762DD}.Debug|Any CPU.Build.0 = Debug|Any CPU
		{AEBC5CCF-C574-4D92-9061-5C08153762DD}.Release|Any CPU.ActiveCfg = Release|Any CPU
		{AEBC5CCF-C574-4D92-9061-5C08153762DD}.Release|Any CPU.Build.0 = Release|Any CPU
		{356A316A-CEFE-49D9-B225-F2AC4EADD049}.Debug|Any CPU.ActiveCfg = Debug|Any CPU
		{356A316A-CEFE-49D9-B225-F2AC4EADD049}.Debug|Any CPU.Build.0 = Debug|Any CPU
		{356A316A-CEFE-49D9-B225-F2AC4EADD049}.Release|Any CPU.ActiveCfg = Release|Any CPU
		{356A316A-CEFE-49D9-B225-F2AC4EADD049}.Release|Any CPU.Build.0 = Release|Any CPU
		{D35343F1-ECEF-4BC8-9456-6C74782C9B51}.Debug|Any CPU.ActiveCfg = Debug|Any CPU
		{D35343F1-ECEF-4BC8-9456-6C74782C9B51}.Debug|Any CPU.Build.0 = Debug|Any CPU
		{D35343F1-ECEF-4BC8-9456-6C74782C9B51}.Release|Any CPU.ActiveCfg = Release|Any CPU
		{D35343F1-ECEF-4BC8-9456-6C74782C9B51}.Release|Any CPU.Build.0 = Release|Any CPU
		{A770C7C4-BC62-48D0-8300-AAD20176C592}.Debug|Any CPU.ActiveCfg = Debug|Any CPU
		{A770C7C4-BC62-48D0-8300-AAD20176C592}.Debug|Any CPU.Build.0 = Debug|Any CPU
		{A770C7C4-BC62-48D0-8300-AAD20176C592}.Release|Any CPU.ActiveCfg = Release|Any CPU
		{A770C7C4-BC62-48D0-8300-AAD20176C592}.Release|Any CPU.Build.0 = Release|Any CPU
		{CA4C07C6-4EA0-438D-88AA-D728FF105907}.Debug|Any CPU.ActiveCfg = Debug|Any CPU
		{CA4C07C6-4EA0-438D-88AA-D728FF105907}.Debug|Any CPU.Build.0 = Debug|Any CPU
		{CA4C07C6-4EA0-438D-88AA-D728FF105907}.Release|Any CPU.ActiveCfg = Release|Any CPU
		{CA4C07C6-4EA0-438D-88AA-D728FF105907}.Release|Any CPU.Build.0 = Release|Any CPU
		{1C86FC19-0BCA-4F0C-BA7A-0FA318EEC0E8}.Debug|Any CPU.ActiveCfg = Debug|Any CPU
		{1C86FC19-0BCA-4F0C-BA7A-0FA318EEC0E8}.Debug|Any CPU.Build.0 = Debug|Any CPU
		{1C86FC19-0BCA-4F0C-BA7A-0FA318EEC0E8}.Release|Any CPU.ActiveCfg = Release|Any CPU
		{1C86FC19-0BCA-4F0C-BA7A-0FA318EEC0E8}.Release|Any CPU.Build.0 = Release|Any CPU
		{5B68E984-257E-4B0A-95B5-2A3644A4DF19}.Debug|Any CPU.ActiveCfg = Debug|Any CPU
		{5B68E984-257E-4B0A-95B5-2A3644A4DF19}.Debug|Any CPU.Build.0 = Debug|Any CPU
		{5B68E984-257E-4B0A-95B5-2A3644A4DF19}.Release|Any CPU.ActiveCfg = Release|Any CPU
		{5B68E984-257E-4B0A-95B5-2A3644A4DF19}.Release|Any CPU.Build.0 = Release|Any CPU
	EndGlobalSection
	GlobalSection(SolutionProperties) = preSolution
		HideSolutionNode = FALSE
	EndGlobalSection
	GlobalSection(ExtensibilityGlobals) = postSolution
		SolutionGuid = {6F3D0D71-743C-433D-8C4E-01F1375B6E85}
	EndGlobalSection
EndGlobal
